[[package]]
name = "boto3"
version = "1.17.55"
description = "The AWS SDK for Python"
category = "main"
optional = false
python-versions = ">= 2.7, !=3.0.*, !=3.1.*, !=3.2.*, !=3.3.*, !=3.4.*, !=3.5.*"

[package.dependencies]
botocore = ">=1.20.55,<1.21.0"
jmespath = ">=0.7.1,<1.0.0"
s3transfer = ">=0.4.0,<0.5.0"

[[package]]
name = "botocore"
version = "1.20.55"
description = "Low-level, data-driven core of boto 3."
category = "main"
optional = false
python-versions = ">= 2.7, !=3.0.*, !=3.1.*, !=3.2.*, !=3.3.*, !=3.4.*, !=3.5.*"

[package.dependencies]
jmespath = ">=0.7.1,<1.0.0"
python-dateutil = ">=2.1,<3.0.0"
urllib3 = ">=1.25.4,<1.27"

[package.extras]
crt = ["awscrt (==0.11.11)"]

[[package]]
name = "jmespath"
version = "0.10.0"
description = "JSON Matching Expressions"
category = "main"
optional = false
python-versions = ">=2.6, !=3.0.*, !=3.1.*, !=3.2.*"

[[package]]
name = "joblib"
version = "1.0.1"
description = "Lightweight pipelining with Python functions"
category = "main"
optional = false
python-versions = ">=3.6"

[[package]]
name = "numpy"
version = "1.20.2"
description = "NumPy is the fundamental package for array computing with Python."
category = "main"
optional = false
python-versions = ">=3.7"

[[package]]
name = "pandas"
version = "1.2.4"
description = "Powerful data structures for data analysis, time series, and statistics"
category = "main"
optional = false
python-versions = ">=3.7.1"

[package.dependencies]
numpy = ">=1.16.5"
python-dateutil = ">=2.7.3"
pytz = ">=2017.3"

[package.extras]
test = ["pytest (>=5.0.1)", "pytest-xdist", "hypothesis (>=3.58)"]

[[package]]
name = "patsy"
version = "0.5.1"
description = "A Python package for describing statistical models and for building design matrices."
category = "main"
optional = false
python-versions = "*"

[package.dependencies]
numpy = ">=1.4"
six = "*"

[[package]]
name = "psycopg2-binary"
version = "2.8.6"
description = "psycopg2 - Python-PostgreSQL Database Adapter"
category = "main"
optional = false
python-versions = ">=2.7,!=3.0.*,!=3.1.*,!=3.2.*,!=3.3.*"

[[package]]
name = "pyaml"
version = "20.4.0"
description = "PyYAML-based module to produce pretty and readable YAML-serialized data"
category = "main"
optional = false
python-versions = "*"

[package.dependencies]
PyYAML = "*"

[[package]]
name = "python-dateutil"
version = "2.8.1"
description = "Extensions to the standard Python datetime module"
category = "main"
optional = false
python-versions = "!=3.0.*,!=3.1.*,!=3.2.*,>=2.7"

[package.dependencies]
six = ">=1.5"

[[package]]
name = "pytz"
version = "2021.1"
description = "World timezone definitions, modern and historical"
category = "main"
optional = false
python-versions = "*"

[[package]]
name = "pyyaml"
version = "5.4.1"
description = "YAML parser and emitter for Python"
category = "main"
optional = false
python-versions = ">=2.7, !=3.0.*, !=3.1.*, !=3.2.*, !=3.3.*, !=3.4.*, !=3.5.*"

[[package]]
name = "s3transfer"
version = "0.4.1"
description = "An Amazon S3 Transfer Manager"
category = "main"
optional = false
python-versions = "*"

[package.dependencies]
botocore = ">=1.12.36,<2.0a.0"

[package.extras]
crt = ["botocore[crt] (>=1.20.29,<2.0a.0)"]

[[package]]
name = "scikit-learn"
version = "0.23.2"
description = "A set of python modules for machine learning and data mining"
category = "main"
optional = false
python-versions = ">=3.6"

[package.dependencies]
joblib = ">=0.11"
numpy = ">=1.13.3"
scipy = ">=0.19.1"
threadpoolctl = ">=2.0.0"

[package.extras]
alldeps = ["numpy (>=1.13.3)", "scipy (>=0.19.1)"]

[[package]]
name = "scikit-optimize"
version = "0.8.1"
description = "Sequential model-based optimization toolbox."
category = "main"
optional = false
python-versions = "*"

[package.dependencies]
joblib = ">=0.11"
numpy = ">=1.13.3"
pyaml = ">=16.9"
scikit-learn = ">=0.20.0"
scipy = ">=0.19.1"

[package.extras]
plots = ["matplotlib (>=2.0.0)"]

[[package]]
name = "scipy"
version = "1.6.1"
description = "SciPy: Scientific Library for Python"
category = "main"
optional = false
python-versions = ">=3.7"

[package.dependencies]
numpy = ">=1.16.5"

[[package]]
name = "six"
version = "1.15.0"
description = "Python 2 and 3 compatibility utilities"
category = "main"
optional = false
python-versions = ">=2.7, !=3.0.*, !=3.1.*, !=3.2.*"

[[package]]
name = "sklearn"
version = "0.0"
description = "A set of python modules for machine learning and data mining"
category = "main"
optional = false
python-versions = "*"

[package.dependencies]
scikit-learn = "*"

[[package]]
name = "statsmodels"
version = "0.12.2"
description = "Statistical computations and models for Python"
category = "main"
optional = false
python-versions = ">=3.6"

[package.dependencies]
numpy = ">=1.15"
pandas = ">=0.21"
patsy = ">=0.5"
scipy = ">=1.1"

[package.extras]
build = ["cython (>=0.29)"]
develop = ["cython (>=0.29)"]
docs = ["sphinx", "nbconvert", "jupyter-client", "ipykernel", "matplotlib", "nbformat", "numpydoc", "pandas-datareader"]

[[package]]
name = "threadpoolctl"
version = "2.1.0"
description = "threadpoolctl"
category = "main"
optional = false
python-versions = ">=3.5"

[[package]]
name = "urllib3"
version = "1.26.5"
description = "HTTP library with thread-safe connection pooling, file post, and more."
category = "main"
optional = false
python-versions = ">=2.7, !=3.0.*, !=3.1.*, !=3.2.*, !=3.3.*, !=3.4.*, <4"

[package.extras]
brotli = ["brotlipy (>=0.6.0)"]
secure = ["pyOpenSSL (>=0.14)", "cryptography (>=1.3.4)", "idna (>=2.0.0)", "certifi", "ipaddress"]
socks = ["PySocks (>=1.5.6,!=1.5.7,<2.0)"]

[metadata]
lock-version = "1.1"
python-versions = "^3.8"
content-hash = "459d97aa85c3f8df45a5153144616815327b0fcd840f016b52519dc7aac144f6"

[metadata.files]
boto3 = [
    {file = "boto3-1.17.55-py2.py3-none-any.whl", hash = "sha256:5910c868c2cf0d30b6c9caed1d38a2b2c2c83e9713eadae0f43de4f42bfe863f"},
    {file = "boto3-1.17.55.tar.gz", hash = "sha256:d0d1e8ca76a8e1b74f87a8324f97001d60bd8bbe6cca35a8e9e7b9abe5aa9ddb"},
]
botocore = [
    {file = "botocore-1.20.55-py2.py3-none-any.whl", hash = "sha256:94a62f7f848b37757c3419193727e183bccdf5cb74167df30bafee5d8d649b7a"},
    {file = "botocore-1.20.55.tar.gz", hash = "sha256:5632c129e6c1c1a15e273fd3ec6f4431490e99ec61b6cff833538f456202e833"},
]
jmespath = [
    {file = "jmespath-0.10.0-py2.py3-none-any.whl", hash = "sha256:cdf6525904cc597730141d61b36f2e4b8ecc257c420fa2f4549bac2c2d0cb72f"},
    {file = "jmespath-0.10.0.tar.gz", hash = "sha256:b85d0567b8666149a93172712e68920734333c0ce7e89b78b3e987f71e5ed4f9"},
]
joblib = [
    {file = "joblib-1.0.1-py3-none-any.whl", hash = "sha256:feeb1ec69c4d45129954f1b7034954241eedfd6ba39b5e9e4b6883be3332d5e5"},
    {file = "joblib-1.0.1.tar.gz", hash = "sha256:9c17567692206d2f3fb9ecf5e991084254fe631665c450b443761c4186a613f7"},
]
numpy = [
    {file = "numpy-1.20.2-cp37-cp37m-macosx_10_9_x86_64.whl", hash = "sha256:e9459f40244bb02b2f14f6af0cd0732791d72232bbb0dc4bab57ef88e75f6935"},
    {file = "numpy-1.20.2-cp37-cp37m-manylinux1_i686.whl", hash = "sha256:a8e6859913ec8eeef3dbe9aed3bf475347642d1cdd6217c30f28dee8903528e6"},
    {file = "numpy-1.20.2-cp37-cp37m-manylinux1_x86_64.whl", hash = "sha256:9cab23439eb1ebfed1aaec9cd42b7dc50fc96d5cd3147da348d9161f0501ada5"},
    {file = "numpy-1.20.2-cp37-cp37m-manylinux2010_i686.whl", hash = "sha256:9c0fab855ae790ca74b27e55240fe4f2a36a364a3f1ebcfd1fb5ac4088f1cec3"},
    {file = "numpy-1.20.2-cp37-cp37m-manylinux2010_x86_64.whl", hash = "sha256:61d5b4cf73622e4d0c6b83408a16631b670fc045afd6540679aa35591a17fe6d"},
    {file = "numpy-1.20.2-cp37-cp37m-manylinux2014_aarch64.whl", hash = "sha256:d15007f857d6995db15195217afdbddfcd203dfaa0ba6878a2f580eaf810ecd6"},
    {file = "numpy-1.20.2-cp37-cp37m-win32.whl", hash = "sha256:d76061ae5cab49b83a8cf3feacefc2053fac672728802ac137dd8c4123397677"},
    {file = "numpy-1.20.2-cp37-cp37m-win_amd64.whl", hash = "sha256:bad70051de2c50b1a6259a6df1daaafe8c480ca98132da98976d8591c412e737"},
    {file = "numpy-1.20.2-cp38-cp38-macosx_10_9_x86_64.whl", hash = "sha256:719656636c48be22c23641859ff2419b27b6bdf844b36a2447cb39caceb00935"},
    {file = "numpy-1.20.2-cp38-cp38-manylinux1_i686.whl", hash = "sha256:aa046527c04688af680217fffac61eec2350ef3f3d7320c07fd33f5c6e7b4d5f"},
    {file = "numpy-1.20.2-cp38-cp38-manylinux1_x86_64.whl", hash = "sha256:2428b109306075d89d21135bdd6b785f132a1f5a3260c371cee1fae427e12727"},
    {file = "numpy-1.20.2-cp38-cp38-manylinux2010_i686.whl", hash = "sha256:e8e4fbbb7e7634f263c5b0150a629342cc19b47c5eba8d1cd4363ab3455ab576"},
    {file = "numpy-1.20.2-cp38-cp38-manylinux2010_x86_64.whl", hash = "sha256:edb1f041a9146dcf02cd7df7187db46ab524b9af2515f392f337c7cbbf5b52cd"},
    {file = "numpy-1.20.2-cp38-cp38-manylinux2014_aarch64.whl", hash = "sha256:c73a7975d77f15f7f68dacfb2bca3d3f479f158313642e8ea9058eea06637931"},
    {file = "numpy-1.20.2-cp38-cp38-win32.whl", hash = "sha256:6c915ee7dba1071554e70a3664a839fbc033e1d6528199d4621eeaaa5487ccd2"},
    {file = "numpy-1.20.2-cp38-cp38-win_amd64.whl", hash = "sha256:471c0571d0895c68da309dacee4e95a0811d0a9f9f532a48dc1bea5f3b7ad2b7"},
    {file = "numpy-1.20.2-cp39-cp39-macosx_10_9_x86_64.whl", hash = "sha256:4703b9e937df83f5b6b7447ca5912b5f5f297aba45f91dbbbc63ff9278c7aa98"},
    {file = "numpy-1.20.2-cp39-cp39-manylinux2010_i686.whl", hash = "sha256:abc81829c4039e7e4c30f7897938fa5d4916a09c2c7eb9b244b7a35ddc9656f4"},
    {file = "numpy-1.20.2-cp39-cp39-manylinux2010_x86_64.whl", hash = "sha256:377751954da04d4a6950191b20539066b4e19e3b559d4695399c5e8e3e683bf6"},
    {file = "numpy-1.20.2-cp39-cp39-manylinux2014_aarch64.whl", hash = "sha256:6e51e417d9ae2e7848314994e6fc3832c9d426abce9328cf7571eefceb43e6c9"},
    {file = "numpy-1.20.2-cp39-cp39-win32.whl", hash = "sha256:780ae5284cb770ade51d4b4a7dce4faa554eb1d88a56d0e8b9f35fca9b0270ff"},
    {file = "numpy-1.20.2-cp39-cp39-win_amd64.whl", hash = "sha256:924dc3f83de20437de95a73516f36e09918e9c9c18d5eac520062c49191025fb"},
    {file = "numpy-1.20.2-pp37-pypy37_pp73-manylinux2010_x86_64.whl", hash = "sha256:97ce8b8ace7d3b9288d88177e66ee75480fb79b9cf745e91ecfe65d91a856042"},
    {file = "numpy-1.20.2.zip", hash = "sha256:878922bf5ad7550aa044aa9301d417e2d3ae50f0f577de92051d739ac6096cee"},
]
pandas = [
    {file = "pandas-1.2.4-cp37-cp37m-macosx_10_9_x86_64.whl", hash = "sha256:c601c6fdebc729df4438ec1f62275d6136a0dd14d332fc0e8ce3f7d2aadb4dd6"},
    {file = "pandas-1.2.4-cp37-cp37m-manylinux1_i686.whl", hash = "sha256:8d4c74177c26aadcfb4fd1de6c1c43c2bf822b3e0fc7a9b409eeaf84b3e92aaa"},
    {file = "pandas-1.2.4-cp37-cp37m-manylinux1_x86_64.whl", hash = "sha256:b730add5267f873b3383c18cac4df2527ac4f0f0eed1c6cf37fcb437e25cf558"},
    {file = "pandas-1.2.4-cp37-cp37m-win32.whl", hash = "sha256:2cb7e8f4f152f27dc93f30b5c7a98f6c748601ea65da359af734dd0cf3fa733f"},
    {file = "pandas-1.2.4-cp37-cp37m-win_amd64.whl", hash = "sha256:2111c25e69fa9365ba80bbf4f959400054b2771ac5d041ed19415a8b488dc70a"},
    {file = "pandas-1.2.4-cp38-cp38-macosx_10_9_x86_64.whl", hash = "sha256:167693a80abc8eb28051fbd184c1b7afd13ce2c727a5af47b048f1ea3afefff4"},
    {file = "pandas-1.2.4-cp38-cp38-manylinux1_i686.whl", hash = "sha256:612add929bf3ba9d27b436cc8853f5acc337242d6b584203f207e364bb46cb12"},
    {file = "pandas-1.2.4-cp38-cp38-manylinux1_x86_64.whl", hash = "sha256:971e2a414fce20cc5331fe791153513d076814d30a60cd7348466943e6e909e4"},
    {file = "pandas-1.2.4-cp38-cp38-win32.whl", hash = "sha256:68d7baa80c74aaacbed597265ca2308f017859123231542ff8a5266d489e1858"},
    {file = "pandas-1.2.4-cp38-cp38-win_amd64.whl", hash = "sha256:bd659c11a4578af740782288cac141a322057a2e36920016e0fc7b25c5a4b686"},
    {file = "pandas-1.2.4-cp39-cp39-macosx_10_9_x86_64.whl", hash = "sha256:9db70ffa8b280bb4de83f9739d514cd0735825e79eef3a61d312420b9f16b758"},
    {file = "pandas-1.2.4-cp39-cp39-manylinux1_i686.whl", hash = "sha256:298f0553fd3ba8e002c4070a723a59cdb28eda579f3e243bc2ee397773f5398b"},
    {file = "pandas-1.2.4-cp39-cp39-manylinux1_x86_64.whl", hash = "sha256:52d2472acbb8a56819a87aafdb8b5b6d2b3386e15c95bde56b281882529a7ded"},
    {file = "pandas-1.2.4-cp39-cp39-win32.whl", hash = "sha256:d0877407359811f7b853b548a614aacd7dea83b0c0c84620a9a643f180060950"},
    {file = "pandas-1.2.4-cp39-cp39-win_amd64.whl", hash = "sha256:2b063d41803b6a19703b845609c0b700913593de067b552a8b24dd8eeb8c9895"},
    {file = "pandas-1.2.4.tar.gz", hash = "sha256:649ecab692fade3cbfcf967ff936496b0cfba0af00a55dfaacd82bdda5cb2279"},
]
patsy = [
    {file = "patsy-0.5.1-py2.py3-none-any.whl", hash = "sha256:5465be1c0e670c3a965355ec09e9a502bf2c4cbe4875e8528b0221190a8a5d40"},
    {file = "patsy-0.5.1.tar.gz", hash = "sha256:f115cec4201e1465cd58b9866b0b0e7b941caafec129869057405bfe5b5e3991"},
]
psycopg2-binary = [
    {file = "psycopg2-binary-2.8.6.tar.gz", hash = "sha256:11b9c0ebce097180129e422379b824ae21c8f2a6596b159c7659e2e5a00e1aa0"},
    {file = "psycopg2_binary-2.8.6-cp27-cp27m-macosx_10_6_intel.macosx_10_9_intel.macosx_10_9_x86_64.macosx_10_10_intel.macosx_10_10_x86_64.whl", hash = "sha256:d14b140a4439d816e3b1229a4a525df917d6ea22a0771a2a78332273fd9528a4"},
    {file = "psycopg2_binary-2.8.6-cp27-cp27m-manylinux1_i686.whl", hash = "sha256:1fabed9ea2acc4efe4671b92c669a213db744d2af8a9fc5d69a8e9bc14b7a9db"},
    {file = "psycopg2_binary-2.8.6-cp27-cp27m-manylinux1_x86_64.whl", hash = "sha256:f5ab93a2cb2d8338b1674be43b442a7f544a0971da062a5da774ed40587f18f5"},
    {file = "psycopg2_binary-2.8.6-cp27-cp27m-win32.whl", hash = "sha256:b4afc542c0ac0db720cf516dd20c0846f71c248d2b3d21013aa0d4ef9c71ca25"},
    {file = "psycopg2_binary-2.8.6-cp27-cp27m-win_amd64.whl", hash = "sha256:e74a55f6bad0e7d3968399deb50f61f4db1926acf4a6d83beaaa7df986f48b1c"},
    {file = "psycopg2_binary-2.8.6-cp27-cp27mu-manylinux1_i686.whl", hash = "sha256:0deac2af1a587ae12836aa07970f5cb91964f05a7c6cdb69d8425ff4c15d4e2c"},
    {file = "psycopg2_binary-2.8.6-cp27-cp27mu-manylinux1_x86_64.whl", hash = "sha256:ad20d2eb875aaa1ea6d0f2916949f5c08a19c74d05b16ce6ebf6d24f2c9f75d1"},
    {file = "psycopg2_binary-2.8.6-cp34-cp34m-win32.whl", hash = "sha256:950bc22bb56ee6ff142a2cb9ee980b571dd0912b0334aa3fe0fe3788d860bea2"},
    {file = "psycopg2_binary-2.8.6-cp34-cp34m-win_amd64.whl", hash = "sha256:b8a3715b3c4e604bcc94c90a825cd7f5635417453b253499664f784fc4da0152"},
    {file = "psycopg2_binary-2.8.6-cp35-cp35m-macosx_10_6_intel.macosx_10_9_intel.macosx_10_9_x86_64.macosx_10_10_intel.macosx_10_10_x86_64.whl", hash = "sha256:d1b4ab59e02d9008efe10ceabd0b31e79519da6fb67f7d8e8977118832d0f449"},
    {file = "psycopg2_binary-2.8.6-cp35-cp35m-manylinux1_i686.whl", hash = "sha256:ac0c682111fbf404525dfc0f18a8b5f11be52657d4f96e9fcb75daf4f3984859"},
    {file = "psycopg2_binary-2.8.6-cp35-cp35m-manylinux1_x86_64.whl", hash = "sha256:7d92a09b788cbb1aec325af5fcba9fed7203897bbd9269d5691bb1e3bce29550"},
    {file = "psycopg2_binary-2.8.6-cp35-cp35m-win32.whl", hash = "sha256:aaa4213c862f0ef00022751161df35804127b78adf4a2755b9f991a507e425fd"},
    {file = "psycopg2_binary-2.8.6-cp35-cp35m-win_amd64.whl", hash = "sha256:c2507d796fca339c8fb03216364cca68d87e037c1f774977c8fc377627d01c71"},
    {file = "psycopg2_binary-2.8.6-cp36-cp36m-macosx_10_6_intel.macosx_10_9_intel.macosx_10_9_x86_64.macosx_10_10_intel.macosx_10_10_x86_64.whl", hash = "sha256:ee69dad2c7155756ad114c02db06002f4cded41132cc51378e57aad79cc8e4f4"},
    {file = "psycopg2_binary-2.8.6-cp36-cp36m-manylinux1_i686.whl", hash = "sha256:e82aba2188b9ba309fd8e271702bd0d0fc9148ae3150532bbb474f4590039ffb"},
    {file = "psycopg2_binary-2.8.6-cp36-cp36m-manylinux1_x86_64.whl", hash = "sha256:d5227b229005a696cc67676e24c214740efd90b148de5733419ac9aaba3773da"},
    {file = "psycopg2_binary-2.8.6-cp36-cp36m-win32.whl", hash = "sha256:a0eb43a07386c3f1f1ebb4dc7aafb13f67188eab896e7397aa1ee95a9c884eb2"},
    {file = "psycopg2_binary-2.8.6-cp36-cp36m-win_amd64.whl", hash = "sha256:e1f57aa70d3f7cc6947fd88636a481638263ba04a742b4a37dd25c373e41491a"},
    {file = "psycopg2_binary-2.8.6-cp37-cp37m-macosx_10_6_intel.macosx_10_9_intel.macosx_10_9_x86_64.macosx_10_10_intel.macosx_10_10_x86_64.whl", hash = "sha256:833709a5c66ca52f1d21d41865a637223b368c0ee76ea54ca5bad6f2526c7679"},
    {file = "psycopg2_binary-2.8.6-cp37-cp37m-manylinux1_i686.whl", hash = "sha256:ba28584e6bca48c59eecbf7efb1576ca214b47f05194646b081717fa628dfddf"},
    {file = "psycopg2_binary-2.8.6-cp37-cp37m-manylinux1_x86_64.whl", hash = "sha256:6a32f3a4cb2f6e1a0b15215f448e8ce2da192fd4ff35084d80d5e39da683e79b"},
    {file = "psycopg2_binary-2.8.6-cp37-cp37m-win32.whl", hash = "sha256:0e4dc3d5996760104746e6cfcdb519d9d2cd27c738296525d5867ea695774e67"},
    {file = "psycopg2_binary-2.8.6-cp37-cp37m-win_amd64.whl", hash = "sha256:cec7e622ebc545dbb4564e483dd20e4e404da17ae07e06f3e780b2dacd5cee66"},
    {file = "psycopg2_binary-2.8.6-cp38-cp38-macosx_10_9_x86_64.macosx_10_9_intel.macosx_10_10_intel.macosx_10_10_x86_64.whl", hash = "sha256:ba381aec3a5dc29634f20692349d73f2d21f17653bda1decf0b52b11d694541f"},
    {file = "psycopg2_binary-2.8.6-cp38-cp38-manylinux1_i686.whl", hash = "sha256:a0c50db33c32594305b0ef9abc0cb7db13de7621d2cadf8392a1d9b3c437ef77"},
    {file = "psycopg2_binary-2.8.6-cp38-cp38-manylinux1_x86_64.whl", hash = "sha256:2dac98e85565d5688e8ab7bdea5446674a83a3945a8f416ad0110018d1501b94"},
    {file = "psycopg2_binary-2.8.6-cp38-cp38-win32.whl", hash = "sha256:bd1be66dde2b82f80afb9459fc618216753f67109b859a361cf7def5c7968729"},
    {file = "psycopg2_binary-2.8.6-cp38-cp38-win_amd64.whl", hash = "sha256:8cd0fb36c7412996859cb4606a35969dd01f4ea34d9812a141cd920c3b18be77"},
    {file = "psycopg2_binary-2.8.6-cp39-cp39-macosx_10_9_x86_64.macosx_10_9_intel.macosx_10_10_intel.macosx_10_10_x86_64.whl", hash = "sha256:89705f45ce07b2dfa806ee84439ec67c5d9a0ef20154e0e475e2b2ed392a5b83"},
    {file = "psycopg2_binary-2.8.6-cp39-cp39-manylinux1_i686.whl", hash = "sha256:42ec1035841b389e8cc3692277a0bd81cdfe0b65d575a2c8862cec7a80e62e52"},
    {file = "psycopg2_binary-2.8.6-cp39-cp39-manylinux1_x86_64.whl", hash = "sha256:7312e931b90fe14f925729cde58022f5d034241918a5c4f9797cac62f6b3a9dd"},
    {file = "psycopg2_binary-2.8.6-cp39-cp39-win32.whl", hash = "sha256:6422f2ff0919fd720195f64ffd8f924c1395d30f9a495f31e2392c2efafb5056"},
    {file = "psycopg2_binary-2.8.6-cp39-cp39-win_amd64.whl", hash = "sha256:15978a1fbd225583dd8cdaf37e67ccc278b5abecb4caf6b2d6b8e2b948e953f6"},
]
pyaml = [
    {file = "pyaml-20.4.0-py2.py3-none-any.whl", hash = "sha256:67081749a82b72c45e5f7f812ee3a14a03b3f5c25ff36ec3b290514f8c4c4b99"},
    {file = "pyaml-20.4.0.tar.gz", hash = "sha256:29a5c2a68660a799103d6949167bd6c7953d031449d08802386372de1db6ad71"},
]
python-dateutil = [
    {file = "python-dateutil-2.8.1.tar.gz", hash = "sha256:73ebfe9dbf22e832286dafa60473e4cd239f8592f699aa5adaf10050e6e1823c"},
    {file = "python_dateutil-2.8.1-py2.py3-none-any.whl", hash = "sha256:75bb3f31ea686f1197762692a9ee6a7550b59fc6ca3a1f4b5d7e32fb98e2da2a"},
]
pytz = [
    {file = "pytz-2021.1-py2.py3-none-any.whl", hash = "sha256:eb10ce3e7736052ed3623d49975ce333bcd712c7bb19a58b9e2089d4057d0798"},
    {file = "pytz-2021.1.tar.gz", hash = "sha256:83a4a90894bf38e243cf052c8b58f381bfe9a7a483f6a9cab140bc7f702ac4da"},
]
pyyaml = [
    {file = "PyYAML-5.4.1-cp27-cp27m-macosx_10_9_x86_64.whl", hash = "sha256:3b2b1824fe7112845700f815ff6a489360226a5609b96ec2190a45e62a9fc922"},
    {file = "PyYAML-5.4.1-cp27-cp27m-win32.whl", hash = "sha256:129def1b7c1bf22faffd67b8f3724645203b79d8f4cc81f674654d9902cb4393"},
    {file = "PyYAML-5.4.1-cp27-cp27m-win_amd64.whl", hash = "sha256:4465124ef1b18d9ace298060f4eccc64b0850899ac4ac53294547536533800c8"},
    {file = "PyYAML-5.4.1-cp27-cp27mu-manylinux1_x86_64.whl", hash = "sha256:bb4191dfc9306777bc594117aee052446b3fa88737cd13b7188d0e7aa8162185"},
    {file = "PyYAML-5.4.1-cp36-cp36m-macosx_10_9_x86_64.whl", hash = "sha256:6c78645d400265a062508ae399b60b8c167bf003db364ecb26dcab2bda048253"},
    {file = "PyYAML-5.4.1-cp36-cp36m-manylinux1_x86_64.whl", hash = "sha256:4e0583d24c881e14342eaf4ec5fbc97f934b999a6828693a99157fde912540cc"},
    {file = "PyYAML-5.4.1-cp36-cp36m-manylinux2014_aarch64.whl", hash = "sha256:72a01f726a9c7851ca9bfad6fd09ca4e090a023c00945ea05ba1638c09dc3347"},
    {file = "PyYAML-5.4.1-cp36-cp36m-manylinux2014_s390x.whl", hash = "sha256:895f61ef02e8fed38159bb70f7e100e00f471eae2bc838cd0f4ebb21e28f8541"},
    {file = "PyYAML-5.4.1-cp36-cp36m-win32.whl", hash = "sha256:3bd0e463264cf257d1ffd2e40223b197271046d09dadf73a0fe82b9c1fc385a5"},
    {file = "PyYAML-5.4.1-cp36-cp36m-win_amd64.whl", hash = "sha256:e4fac90784481d221a8e4b1162afa7c47ed953be40d31ab4629ae917510051df"},
    {file = "PyYAML-5.4.1-cp37-cp37m-macosx_10_9_x86_64.whl", hash = "sha256:5accb17103e43963b80e6f837831f38d314a0495500067cb25afab2e8d7a4018"},
    {file = "PyYAML-5.4.1-cp37-cp37m-manylinux1_x86_64.whl", hash = "sha256:e1d4970ea66be07ae37a3c2e48b5ec63f7ba6804bdddfdbd3cfd954d25a82e63"},
    {file = "PyYAML-5.4.1-cp37-cp37m-manylinux2014_aarch64.whl", hash = "sha256:cb333c16912324fd5f769fff6bc5de372e9e7a202247b48870bc251ed40239aa"},
    {file = "PyYAML-5.4.1-cp37-cp37m-manylinux2014_s390x.whl", hash = "sha256:fe69978f3f768926cfa37b867e3843918e012cf83f680806599ddce33c2c68b0"},
    {file = "PyYAML-5.4.1-cp37-cp37m-win32.whl", hash = "sha256:dd5de0646207f053eb0d6c74ae45ba98c3395a571a2891858e87df7c9b9bd51b"},
    {file = "PyYAML-5.4.1-cp37-cp37m-win_amd64.whl", hash = "sha256:08682f6b72c722394747bddaf0aa62277e02557c0fd1c42cb853016a38f8dedf"},
    {file = "PyYAML-5.4.1-cp38-cp38-macosx_10_9_x86_64.whl", hash = "sha256:d2d9808ea7b4af864f35ea216be506ecec180628aced0704e34aca0b040ffe46"},
    {file = "PyYAML-5.4.1-cp38-cp38-manylinux1_x86_64.whl", hash = "sha256:8c1be557ee92a20f184922c7b6424e8ab6691788e6d86137c5d93c1a6ec1b8fb"},
    {file = "PyYAML-5.4.1-cp38-cp38-manylinux2014_aarch64.whl", hash = "sha256:fd7f6999a8070df521b6384004ef42833b9bd62cfee11a09bda1079b4b704247"},
    {file = "PyYAML-5.4.1-cp38-cp38-manylinux2014_s390x.whl", hash = "sha256:bfb51918d4ff3d77c1c856a9699f8492c612cde32fd3bcd344af9be34999bfdc"},
    {file = "PyYAML-5.4.1-cp38-cp38-win32.whl", hash = "sha256:fa5ae20527d8e831e8230cbffd9f8fe952815b2b7dae6ffec25318803a7528fc"},
    {file = "PyYAML-5.4.1-cp38-cp38-win_amd64.whl", hash = "sha256:0f5f5786c0e09baddcd8b4b45f20a7b5d61a7e7e99846e3c799b05c7c53fa696"},
    {file = "PyYAML-5.4.1-cp39-cp39-macosx_10_9_x86_64.whl", hash = "sha256:294db365efa064d00b8d1ef65d8ea2c3426ac366c0c4368d930bf1c5fb497f77"},
    {file = "PyYAML-5.4.1-cp39-cp39-manylinux1_x86_64.whl", hash = "sha256:74c1485f7707cf707a7aef42ef6322b8f97921bd89be2ab6317fd782c2d53183"},
    {file = "PyYAML-5.4.1-cp39-cp39-manylinux2014_aarch64.whl", hash = "sha256:d483ad4e639292c90170eb6f7783ad19490e7a8defb3e46f97dfe4bacae89122"},
    {file = "PyYAML-5.4.1-cp39-cp39-manylinux2014_s390x.whl", hash = "sha256:fdc842473cd33f45ff6bce46aea678a54e3d21f1b61a7750ce3c498eedfe25d6"},
    {file = "PyYAML-5.4.1-cp39-cp39-win32.whl", hash = "sha256:49d4cdd9065b9b6e206d0595fee27a96b5dd22618e7520c33204a4a3239d5b10"},
    {file = "PyYAML-5.4.1-cp39-cp39-win_amd64.whl", hash = "sha256:c20cfa2d49991c8b4147af39859b167664f2ad4561704ee74c1de03318e898db"},
    {file = "PyYAML-5.4.1.tar.gz", hash = "sha256:607774cbba28732bfa802b54baa7484215f530991055bb562efbed5b2f20a45e"},
]
s3transfer = [
    {file = "s3transfer-0.4.1-py2.py3-none-any.whl", hash = "sha256:b5130849df909773254099d085790456665f8d7e0032bbef6e3407f28adb1ad9"},
    {file = "s3transfer-0.4.1.tar.gz", hash = "sha256:81b7b3516739b0cfbecaa9077a1baf783e7a790c0e49261fcc6ceda468765efa"},
]
scikit-learn = [
    {file = "scikit-learn-0.23.2.tar.gz", hash = "sha256:20766f515e6cd6f954554387dfae705d93c7b544ec0e6c6a5d8e006f6f7ef480"},
    {file = "scikit_learn-0.23.2-cp36-cp36m-macosx_10_9_x86_64.whl", hash = "sha256:98508723f44c61896a4e15894b2016762a55555fbf09365a0bb1870ecbd442de"},
    {file = "scikit_learn-0.23.2-cp36-cp36m-manylinux1_i686.whl", hash = "sha256:a64817b050efd50f9abcfd311870073e500ae11b299683a519fbb52d85e08d25"},
    {file = "scikit_learn-0.23.2-cp36-cp36m-manylinux1_x86_64.whl", hash = "sha256:daf276c465c38ef736a79bd79fc80a249f746bcbcae50c40945428f7ece074f8"},
    {file = "scikit_learn-0.23.2-cp36-cp36m-win32.whl", hash = "sha256:cb3e76380312e1f86abd20340ab1d5b3cc46a26f6593d3c33c9ea3e4c7134028"},
    {file = "scikit_learn-0.23.2-cp36-cp36m-win_amd64.whl", hash = "sha256:0a127cc70990d4c15b1019680bfedc7fec6c23d14d3719fdf9b64b22d37cdeca"},
    {file = "scikit_learn-0.23.2-cp37-cp37m-macosx_10_9_x86_64.whl", hash = "sha256:2aa95c2f17d2f80534156215c87bee72b6aa314a7f8b8fe92a2d71f47280570d"},
    {file = "scikit_learn-0.23.2-cp37-cp37m-manylinux1_i686.whl", hash = "sha256:6c28a1d00aae7c3c9568f61aafeaad813f0f01c729bee4fd9479e2132b215c1d"},
    {file = "scikit_learn-0.23.2-cp37-cp37m-manylinux1_x86_64.whl", hash = "sha256:da8e7c302003dd765d92a5616678e591f347460ac7b53e53d667be7dfe6d1b10"},
    {file = "scikit_learn-0.23.2-cp37-cp37m-win32.whl", hash = "sha256:d9a1ce5f099f29c7c33181cc4386660e0ba891b21a60dc036bf369e3a3ee3aec"},
    {file = "scikit_learn-0.23.2-cp37-cp37m-win_amd64.whl", hash = "sha256:914ac2b45a058d3f1338d7736200f7f3b094857758895f8667be8a81ff443b5b"},
    {file = "scikit_learn-0.23.2-cp38-cp38-macosx_10_9_x86_64.whl", hash = "sha256:7671bbeddd7f4f9a6968f3b5442dac5f22bf1ba06709ef888cc9132ad354a9ab"},
    {file = "scikit_learn-0.23.2-cp38-cp38-manylinux1_i686.whl", hash = "sha256:d0dcaa54263307075cb93d0bee3ceb02821093b1b3d25f66021987d305d01dce"},
    {file = "scikit_learn-0.23.2-cp38-cp38-manylinux1_x86_64.whl", hash = "sha256:5ce7a8021c9defc2b75620571b350acc4a7d9763c25b7593621ef50f3bd019a2"},
    {file = "scikit_learn-0.23.2-cp38-cp38-win32.whl", hash = "sha256:0d39748e7c9669ba648acf40fb3ce96b8a07b240db6888563a7cb76e05e0d9cc"},
    {file = "scikit_learn-0.23.2-cp38-cp38-win_amd64.whl", hash = "sha256:1b8a391de95f6285a2f9adffb7db0892718950954b7149a70c783dc848f104ea"},
]
scikit-optimize = [
    {file = "scikit-optimize-0.8.1.tar.gz", hash = "sha256:ed5c47818959c91490120b89240527cf5ef36dc3e350dc79e5dbc22edc4ee186"},
    {file = "scikit_optimize-0.8.1-py2.py3-none-any.whl", hash = "sha256:caf52bf67d005f97eb9855fa70f645d0510eea32c1ab1b171f1569ed2a6d532a"},
]
scipy = [
    {file = "scipy-1.6.1-cp37-cp37m-macosx_10_9_x86_64.whl", hash = "sha256:a15a1f3fc0abff33e792d6049161b7795909b40b97c6cc2934ed54384017ab76"},
    {file = "scipy-1.6.1-cp37-cp37m-manylinux1_i686.whl", hash = "sha256:e79570979ccdc3d165456dd62041d9556fb9733b86b4b6d818af7a0afc15f092"},
    {file = "scipy-1.6.1-cp37-cp37m-manylinux1_x86_64.whl", hash = "sha256:a423533c55fec61456dedee7b6ee7dce0bb6bfa395424ea374d25afa262be261"},
    {file = "scipy-1.6.1-cp37-cp37m-manylinux2014_aarch64.whl", hash = "sha256:33d6b7df40d197bdd3049d64e8e680227151673465e5d85723b3b8f6b15a6ced"},
    {file = "scipy-1.6.1-cp37-cp37m-win32.whl", hash = "sha256:6725e3fbb47da428794f243864f2297462e9ee448297c93ed1dcbc44335feb78"},
    {file = "scipy-1.6.1-cp37-cp37m-win_amd64.whl", hash = "sha256:5fa9c6530b1661f1370bcd332a1e62ca7881785cc0f80c0d559b636567fab63c"},
    {file = "scipy-1.6.1-cp38-cp38-macosx_10_9_x86_64.whl", hash = "sha256:bd50daf727f7c195e26f27467c85ce653d41df4358a25b32434a50d8870fc519"},
    {file = "scipy-1.6.1-cp38-cp38-manylinux1_i686.whl", hash = "sha256:f46dd15335e8a320b0fb4685f58b7471702234cba8bb3442b69a3e1dc329c345"},
    {file = "scipy-1.6.1-cp38-cp38-manylinux1_x86_64.whl", hash = "sha256:0e5b0ccf63155d90da576edd2768b66fb276446c371b73841e3503be1d63fb5d"},
    {file = "scipy-1.6.1-cp38-cp38-manylinux2014_aarch64.whl", hash = "sha256:2481efbb3740977e3c831edfd0bd9867be26387cacf24eb5e366a6a374d3d00d"},
    {file = "scipy-1.6.1-cp38-cp38-win32.whl", hash = "sha256:68cb4c424112cd4be886b4d979c5497fba190714085f46b8ae67a5e4416c32b4"},
    {file = "scipy-1.6.1-cp38-cp38-win_amd64.whl", hash = "sha256:5f331eeed0297232d2e6eea51b54e8278ed8bb10b099f69c44e2558c090d06bf"},
    {file = "scipy-1.6.1-cp39-cp39-macosx_10_9_x86_64.whl", hash = "sha256:0c8a51d33556bf70367452d4d601d1742c0e806cd0194785914daf19775f0e67"},
    {file = "scipy-1.6.1-cp39-cp39-manylinux1_i686.whl", hash = "sha256:83bf7c16245c15bc58ee76c5418e46ea1811edcc2e2b03041b804e46084ab627"},
    {file = "scipy-1.6.1-cp39-cp39-manylinux1_x86_64.whl", hash = "sha256:794e768cc5f779736593046c9714e0f3a5940bc6dcc1dba885ad64cbfb28e9f0"},
    {file = "scipy-1.6.1-cp39-cp39-manylinux2014_aarch64.whl", hash = "sha256:5da5471aed911fe7e52b86bf9ea32fb55ae93e2f0fac66c32e58897cfb02fa07"},
    {file = "scipy-1.6.1-cp39-cp39-win32.whl", hash = "sha256:8e403a337749ed40af60e537cc4d4c03febddcc56cd26e774c9b1b600a70d3e4"},
    {file = "scipy-1.6.1-cp39-cp39-win_amd64.whl", hash = "sha256:a5193a098ae9f29af283dcf0041f762601faf2e595c0db1da929875b7570353f"},
    {file = "scipy-1.6.1.tar.gz", hash = "sha256:c4fceb864890b6168e79b0e714c585dbe2fd4222768ee90bc1aa0f8218691b11"},
]
six = [
    {file = "six-1.15.0-py2.py3-none-any.whl", hash = "sha256:8b74bedcbbbaca38ff6d7491d76f2b06b3592611af620f8426e82dddb04a5ced"},
    {file = "six-1.15.0.tar.gz", hash = "sha256:30639c035cdb23534cd4aa2dd52c3bf48f06e5f4a941509c8bafd8ce11080259"},
]
sklearn = [
    {file = "sklearn-0.0.tar.gz", hash = "sha256:e23001573aa194b834122d2b9562459bf5ae494a2d59ca6b8aa22c85a44c0e31"},
]
statsmodels = [
    {file = "statsmodels-0.12.2-cp36-cp36m-macosx_10_15_x86_64.whl", hash = "sha256:c1d98ce2072f5e772cbf91d05475490368da5d3ee4a3150062330c7b83221ceb"},
    {file = "statsmodels-0.12.2-cp36-cp36m-manylinux1_i686.whl", hash = "sha256:4184487e9c281acad3d0bda19445c69db292f0dbb18f25ebf56a7966a0a28eef"},
    {file = "statsmodels-0.12.2-cp36-cp36m-manylinux1_x86_64.whl", hash = "sha256:37e107fa11299090ed90f93c7172162b850c28fd09999937b971926813e887c5"},
    {file = "statsmodels-0.12.2-cp36-none-win32.whl", hash = "sha256:5d3e7333e1c5b234797ed57c3d1533371374c1e1e7e7ed54d27805611f96e2d5"},
    {file = "statsmodels-0.12.2-cp36-none-win_amd64.whl", hash = "sha256:aaf3c75fd22cb9dcf9c1b28f8ae87521310870f4dd8a6a4f1010f1e46d992377"},
    {file = "statsmodels-0.12.2-cp37-cp37m-macosx_10_15_x86_64.whl", hash = "sha256:c48b7cbb37a651bb1cd23614abc10f447845ad3c3a713bf74e2aad20cfc94ae7"},
    {file = "statsmodels-0.12.2-cp37-cp37m-manylinux1_i686.whl", hash = "sha256:a3bd3922463dda8ad33e5e5075d2080e9e012aeb2032b5cdaeea9b79c2472000"},
    {file = "statsmodels-0.12.2-cp37-cp37m-manylinux1_x86_64.whl", hash = "sha256:43de84bc08c8b9f778502aed7a476d6e68674e6878718e533b07d569cf0927a9"},
    {file = "statsmodels-0.12.2-cp37-none-win32.whl", hash = "sha256:0197855aa1d40c42532d6a75b4ca72e30826a50d90ec3047a404f9702d8b814f"},
    {file = "statsmodels-0.12.2-cp37-none-win_amd64.whl", hash = "sha256:93273aa1c31caf59bcce9790ca4c3f54fdc45a37c61084d06f1ba4fbe56e7752"},
    {file = "statsmodels-0.12.2-cp38-cp38-macosx_10_15_x86_64.whl", hash = "sha256:3e94306d4c07e332532ea4911d1f1d1f661c79aa73f22c5bb22e6dd47b40d562"},
    {file = "statsmodels-0.12.2-cp38-cp38-manylinux1_i686.whl", hash = "sha256:f3a7622f3d0ce2fc204f43b74de4e03e42775609705bf94d656b730482ca935a"},
    {file = "statsmodels-0.12.2-cp38-cp38-manylinux1_x86_64.whl", hash = "sha256:587deb788e7f8f3f866d28e812cf5c082b4d4a2d3f5beea94d0e9699ea71ef22"},
    {file = "statsmodels-0.12.2-cp38-none-win32.whl", hash = "sha256:cbbdf6f708c9a1f1fad5cdea5e4342d6fdb37e42e92288c2cf906b99976ffe15"},
    {file = "statsmodels-0.12.2-cp38-none-win_amd64.whl", hash = "sha256:1fa720e895112a1b04b27002218b0ea7f10dd1d9cffd1c018c88bbfb82520f57"},
    {file = "statsmodels-0.12.2-cp39-cp39-macosx_10_15_x86_64.whl", hash = "sha256:c3782ce846a52862ac72f89d22b6b1ca13d877bc593872309228a6f05d934321"},
    {file = "statsmodels-0.12.2-cp39-cp39-manylinux1_i686.whl", hash = "sha256:8f93cb3f7d87c1fc7e51b3b239371c25a17a0a8e782467fdf4788cfef600724a"},
    {file = "statsmodels-0.12.2-cp39-cp39-manylinux1_x86_64.whl", hash = "sha256:f61f33f64760a22100b6b146217823f73cfedd251c9bdbd58453ca94e63326c7"},
    {file = "statsmodels-0.12.2-cp39-none-win32.whl", hash = "sha256:3aab85174444f1bcad1e9218a3d3db08f0f86eeb97985236ca8605a0a39ce305"},
    {file = "statsmodels-0.12.2-cp39-none-win_amd64.whl", hash = "sha256:94d3632d56c13eebebaefb52bd4b43144ad5a131337b57842f46db826fa7d2d3"},
    {file = "statsmodels-0.12.2.tar.gz", hash = "sha256:8ad7a7ae7cdd929095684118e3b05836c0ccb08b6a01fe984159475d174a1b10"},
]
threadpoolctl = [
    {file = "threadpoolctl-2.1.0-py3-none-any.whl", hash = "sha256:38b74ca20ff3bb42caca8b00055111d74159ee95c4370882bbff2b93d24da725"},
    {file = "threadpoolctl-2.1.0.tar.gz", hash = "sha256:ddc57c96a38beb63db45d6c159b5ab07b6bced12c45a1f07b2b92f272aebfa6b"},
]
urllib3 = [
    {file = "urllib3-1.26.5-py2.py3-none-any.whl", hash = "sha256:753a0374df26658f99d826cfe40394a686d05985786d946fbe4165b5148f5a7c"},
    {file = "urllib3-1.26.5.tar.gz", hash = "sha256:a7acd0977125325f516bda9735fa7142b909a8d01e8b2e4c8108d0984e6e0098"},
]
